{
    "_readme": [
        "This file locks the dependencies of your project to a known state",
        "Read more about it at https://getcomposer.org/doc/01-basic-usage.md#composer-lock-the-lock-file",
        "This file is @generated automatically"
    ],
    "content-hash": "9ce73bb34ddb81c09baa2f77f5ba6fcf",
    "packages": [
        {
            "name": "kiboit/phast",
            "version": "dev-master",
            "source": {
                "type": "git",
                "url": "https://github.com/kiboit/phast.git",
                "reference": "c2834fa907e5f4940263df579c527f1ddb1daf3b"
            },
            "dist": {
                "type": "zip",
                "url": "https://api.github.com/repos/kiboit/phast/zipball/c2834fa907e5f4940263df579c527f1ddb1daf3b",
                "reference": "c2834fa907e5f4940263df579c527f1ddb1daf3b",
                "shasum": ""
            },
            "require": {
                "mrclay/jsmin-php": "2.3.2",
                "php": ">=5.6"
            },
            "require-dev": {
                "facebook/webdriver": "^1.5",
                "phpunit/phpunit": "5.7.*"
            },
            "type": "library",
            "autoload": {
                "psr-4": {
                    "Kibo\\Phast\\": [
                        "src/",
                        "test/"
                    ]
                }
            },
            "notification-url": "https://packagist.org/downloads/",
            "license": [
                "AGPL-3.0-or-later"
            ],
            "description": "A toolbox for optimizing web page performance",
            "time": "2018-03-09T05:37:49+00:00"
        },
        {
            "name": "mrclay/jsmin-php",
            "version": "2.3.2",
            "source": {
                "type": "git",
                "url": "https://github.com/mrclay/jsmin-php.git",
                "reference": "932c9633c35b390beb2cfdea69a41ea7dbc8d759"
            },
            "dist": {
                "type": "zip",
                "url": "https://api.github.com/repos/mrclay/jsmin-php/zipball/932c9633c35b390beb2cfdea69a41ea7dbc8d759",
                "reference": "932c9633c35b390beb2cfdea69a41ea7dbc8d759",
                "shasum": ""
            },
            "require": {
                "ext-pcre": "*",
                "php": ">=5.3.0"
            },
            "require-dev": {
                "phpunit/phpunit": "4.2"
            },
            "type": "library",
            "autoload": {
                "psr-0": {
                    "JSMin\\": "src/"
                }
            },
            "notification-url": "https://packagist.org/downloads/",
            "license": [
                "MIT"
            ],
            "authors": [
                {
                    "name": "Stephen Clay",
                    "email": "steve@mrclay.org",
                    "role": "Developer"
                },
                {
                    "name": "Ryan Grove",
                    "email": "ryan@wonko.com",
                    "role": "Developer"
                }
            ],
            "description": "Provides a modified port of Douglas Crockford's jsmin.c, which removes unnecessary whitespace from JavaScript files.",
            "homepage": "https://github.com/mrclay/jsmin-php/",
            "keywords": [
                "compress",
                "jsmin",
                "minify"
            ],
            "time": "2015-03-30T15:04:42+00:00"
        }
    ],
    "packages-dev": [],
    "aliases": [],
    "minimum-stability": "dev",
    "stability-flags": {
        "kiboit/phast": 20
    },
    "prefer-stable": false,
    "prefer-lowest": false,
    "platform": [],
    "platform-dev": [],
    "platform-overrides": {
        "php": "5.6"
    }
}
